PODS:
  - JTAppleCalendar (8.0.3)
  - PieCharts (0.0.7)

DEPENDENCIES:
  - JTAppleCalendar
  - PieCharts

SPEC REPOS:
  trunk:
    - JTAppleCalendar
    - PieCharts

SPEC CHECKSUMS:
  JTAppleCalendar: 932cadea40b1051beab10f67843451d48ba16c99
  PieCharts: 30e50dfa7dc19e5b84e9878d32089673ef5d0453

PODFILE CHECKSUM: 534b15625fb39e44737efcf33093580f8be81ca1

COCOAPODS: 1.8.3
