// !$*UTF8*$!
{
	archiveVersion = 1;
	classes = {
	};
	objectVersion = 51;
	objects = {

/* Begin PBXBuildFile section */
		0E11887924481B5800BDE565 /* NavigationMenuView.swift in Sources */ = {isa = PBXBuildFile; fileRef = 0E11887824481B5800BDE565 /* NavigationMenuView.swift */; };
		0E2472A12383442900791524 /* DateCell.swift in Sources */ = {isa = PBXBuildFile; fileRef = 0E2472A02383442900791524 /* DateCell.swift */; };
		0E2472A7238344CF00791524 /* CalenderViewController.swift in Sources */ = {isa = PBXBuildFile; fileRef = 0E2472A6238344CF00791524 /* CalenderViewController.swift */; };
		0E2472AF238462A000791524 /* DateHeader.swift in Sources */ = {isa = PBXBuildFile; fileRef = 0E2472AE238462A000791524 /* DateHeader.swift */; };
		0E2472B4238467A500791524 /* LocalNotificationManager.swift in Sources */ = {isa = PBXBuildFile; fileRef = 0E2472B3238467A500791524 /* LocalNotificationManager.swift */; };
		0E5C3CCB2384C31800CAE47C /* PieChartViewController.swift in Sources */ = {isa = PBXBuildFile; fileRef = 0E5C3CCA2384C31800CAE47C /* PieChartViewController.swift */; };
		0E7DBF10238CD4F20028CDB2 /* UIImage+Gif.swift in Sources */ = {isa = PBXBuildFile; fileRef = 0E7DBF0F238CD4F20028CDB2 /* UIImage+Gif.swift */; };
		0E7DBF12238DF25F0028CDB2 /* DeveloperSettingsTableViewController.swift in Sources */ = {isa = PBXBuildFile; fileRef = 0E7DBF11238DF25F0028CDB2 /* DeveloperSettingsTableViewController.swift */; };
		0EA15503238A01F600B80639 /* HabitTableViewCell.swift in Sources */ = {isa = PBXBuildFile; fileRef = 0EA15502238A01F600B80639 /* HabitTableViewCell.swift */; };
		0EA15505238A104200B80639 /* Colors.swift in Sources */ = {isa = PBXBuildFile; fileRef = 0EA15504238A104200B80639 /* Colors.swift */; };
		0ECBD53A2388D21C009781E9 /* Assets.xcassets in Resources */ = {isa = PBXBuildFile; fileRef = 0ECBD5392388D21C009781E9 /* Assets.xcassets */; };
		0ED243DD244636C100186068 /* CloudKit.framework in Frameworks */ = {isa = PBXBuildFile; fileRef = 0ED243DA244636B000186068 /* CloudKit.framework */; };
		0EFF26CC23832C1200487B00 /* ChartTab.storyboard in Resources */ = {isa = PBXBuildFile; fileRef = 0EFF26CB23832C1200487B00 /* ChartTab.storyboard */; };
		0EFF26CE23832C3100487B00 /* CalendarTab.storyboard in Resources */ = {isa = PBXBuildFile; fileRef = 0EFF26CD23832C3100487B00 /* CalendarTab.storyboard */; };
		0EFF26D023832E2800487B00 /* HabitInformation.storyboard in Resources */ = {isa = PBXBuildFile; fileRef = 0EFF26CF23832E2800487B00 /* HabitInformation.storyboard */; };
		AECAEFC9399FECFFE9897AD4 /* Pods_Habit_Tracker_Habit_TrackerUITests.framework in Frameworks */ = {isa = PBXBuildFile; fileRef = 292568009B9FDBB328CFAC80 /* Pods_Habit_Tracker_Habit_TrackerUITests.framework */; };
		E9C88A357307A60A52E2803A /* Pods_Habit_Tracker.framework in Frameworks */ = {isa = PBXBuildFile; fileRef = 46023786F1A508BB2A9530A7 /* Pods_Habit_Tracker.framework */; };
		F04AFA728135BB2B165E8067 /* Pods_Habit_TrackerTests.framework in Frameworks */ = {isa = PBXBuildFile; fileRef = B21A6A0C174C3B1377F2780F /* Pods_Habit_TrackerTests.framework */; };
		FB14DCC5237F66C000ED67E2 /* AppDelegate.swift in Sources */ = {isa = PBXBuildFile; fileRef = FB14DCC4237F66C000ED67E2 /* AppDelegate.swift */; };
		FB14DCC7237F66C000ED67E2 /* SceneDelegate.swift in Sources */ = {isa = PBXBuildFile; fileRef = FB14DCC6237F66C000ED67E2 /* SceneDelegate.swift */; };
		FB14DCCC237F66C100ED67E2 /* Main.storyboard in Resources */ = {isa = PBXBuildFile; fileRef = FB14DCCA237F66C100ED67E2 /* Main.storyboard */; };
		FB14DCD4237F66C600ED67E2 /* LaunchScreen.storyboard in Resources */ = {isa = PBXBuildFile; fileRef = FB14DCD2237F66C600ED67E2 /* LaunchScreen.storyboard */; };
		FB14DCDF237F66C600ED67E2 /* Habit_TrackerTests.swift in Sources */ = {isa = PBXBuildFile; fileRef = FB14DCDE237F66C600ED67E2 /* Habit_TrackerTests.swift */; };
		FB14DCEA237F66C700ED67E2 /* Habit_TrackerUITests.swift in Sources */ = {isa = PBXBuildFile; fileRef = FB14DCE9237F66C700ED67E2 /* Habit_TrackerUITests.swift */; };
		FBEE1C092383321700F22C57 /* Constants.swift in Sources */ = {isa = PBXBuildFile; fileRef = FBEE1C082383321700F22C57 /* Constants.swift */; };
		FBEE1C0B2383322D00F22C57 /* CoreDataStack.swift in Sources */ = {isa = PBXBuildFile; fileRef = FBEE1C0A2383322D00F22C57 /* CoreDataStack.swift */; };
		FBEE1C0D238332FB00F22C57 /* HabitController.swift in Sources */ = {isa = PBXBuildFile; fileRef = FBEE1C0C238332FB00F22C57 /* HabitController.swift */; };
		FBEE1C5923835A0A00F22C57 /* HabitsTableViewController.swift in Sources */ = {isa = PBXBuildFile; fileRef = FBEE1C5723835A0A00F22C57 /* HabitsTableViewController.swift */; };
		FBEE1C5C23835D3F00F22C57 /* HabitDetailViewController.swift in Sources */ = {isa = PBXBuildFile; fileRef = FBEE1C5B23835D3F00F22C57 /* HabitDetailViewController.swift */; };
		FBEE1C5E238360CD00F22C57 /* HabitHandlerProtocol.swift in Sources */ = {isa = PBXBuildFile; fileRef = FBEE1C5D238360CD00F22C57 /* HabitHandlerProtocol.swift */; };
		FBEE1C602383782200F22C57 /* Date+Extension.swift in Sources */ = {isa = PBXBuildFile; fileRef = FBEE1C5F2383782200F22C57 /* Date+Extension.swift */; };
		FBEE1C62238378B000F22C57 /* Habit+Convenience.swift in Sources */ = {isa = PBXBuildFile; fileRef = FBEE1C61238378B000F22C57 /* Habit+Convenience.swift */; };
		FBEE1C6423837ECE00F22C57 /* Day+Convenience.swift in Sources */ = {isa = PBXBuildFile; fileRef = FBEE1C6323837ECE00F22C57 /* Day+Convenience.swift */; };
		FBEE1C682384A20500F22C57 /* DayTableViewCell.swift in Sources */ = {isa = PBXBuildFile; fileRef = FBEE1C672384A20500F22C57 /* DayTableViewCell.swift */; };
		FBEE1C6D2384A28D00F22C57 /* DaysTableViewController.swift in Sources */ = {isa = PBXBuildFile; fileRef = FBEE1C6C2384A28D00F22C57 /* DaysTableViewController.swift */; };
		FBEE1C702384BB2F00F22C57 /* Habit_Tracker.xcdatamodeld in Sources */ = {isa = PBXBuildFile; fileRef = FBEE1C6E2384BB2F00F22C57 /* Habit_Tracker.xcdatamodeld */; };
		FBEE1C742384CE9700F22C57 /* DateExtension.swift in Sources */ = {isa = PBXBuildFile; fileRef = FBEE1C732384CE9700F22C57 /* DateExtension.swift */; };
/* End PBXBuildFile section */

/* Begin PBXContainerItemProxy section */
		FB14DCDB237F66C600ED67E2 /* PBXContainerItemProxy */ = {
			isa = PBXContainerItemProxy;
			containerPortal = FB14DCB9237F66C000ED67E2 /* Project object */;
			proxyType = 1;
			remoteGlobalIDString = FB14DCC0237F66C000ED67E2;
			remoteInfo = "Habit Tracker";
		};
		FB14DCE6237F66C700ED67E2 /* PBXContainerItemProxy */ = {
			isa = PBXContainerItemProxy;
			containerPortal = FB14DCB9237F66C000ED67E2 /* Project object */;
			proxyType = 1;
			remoteGlobalIDString = FB14DCC0237F66C000ED67E2;
			remoteInfo = "Habit Tracker";
		};
/* End PBXContainerItemProxy section */

/* Begin PBXCopyFilesBuildPhase section */
		FBEE1C172383367A00F22C57 /* Embed Frameworks */ = {
			isa = PBXCopyFilesBuildPhase;
			buildActionMask = 2147483647;
			dstPath = "";
			dstSubfolderSpec = 10;
			files = (
			);
			name = "Embed Frameworks";
			runOnlyForDeploymentPostprocessing = 0;
		};
/* End PBXCopyFilesBuildPhase section */

/* Begin PBXFileReference section */
		0E11887824481B5800BDE565 /* NavigationMenuView.swift */ = {isa = PBXFileReference; lastKnownFileType = sourcecode.swift; path = NavigationMenuView.swift; sourceTree = "<group>"; };
		0E2472A02383442900791524 /* DateCell.swift */ = {isa = PBXFileReference; lastKnownFileType = sourcecode.swift; path = DateCell.swift; sourceTree = "<group>"; };
		0E2472A6238344CF00791524 /* CalenderViewController.swift */ = {isa = PBXFileReference; lastKnownFileType = sourcecode.swift; path = CalenderViewController.swift; sourceTree = "<group>"; };
		0E2472AE238462A000791524 /* DateHeader.swift */ = {isa = PBXFileReference; lastKnownFileType = sourcecode.swift; path = DateHeader.swift; sourceTree = "<group>"; };
		0E2472B3238467A500791524 /* LocalNotificationManager.swift */ = {isa = PBXFileReference; lastKnownFileType = sourcecode.swift; path = LocalNotificationManager.swift; sourceTree = "<group>"; };
		0E42CB6F238632BC00065187 /* Habit Tracker.entitlements */ = {isa = PBXFileReference; lastKnownFileType = text.plist.entitlements; path = "Habit Tracker.entitlements"; sourceTree = "<group>"; };
		0E5C3CCA2384C31800CAE47C /* PieChartViewController.swift */ = {isa = PBXFileReference; lastKnownFileType = sourcecode.swift; path = PieChartViewController.swift; sourceTree = "<group>"; };
		0E7DBF0F238CD4F20028CDB2 /* UIImage+Gif.swift */ = {isa = PBXFileReference; lastKnownFileType = sourcecode.swift; path = "UIImage+Gif.swift"; sourceTree = "<group>"; };
		0E7DBF11238DF25F0028CDB2 /* DeveloperSettingsTableViewController.swift */ = {isa = PBXFileReference; lastKnownFileType = sourcecode.swift; path = DeveloperSettingsTableViewController.swift; sourceTree = "<group>"; };
		0EA15502238A01F600B80639 /* HabitTableViewCell.swift */ = {isa = PBXFileReference; lastKnownFileType = sourcecode.swift; path = HabitTableViewCell.swift; sourceTree = "<group>"; };
		0EA15504238A104200B80639 /* Colors.swift */ = {isa = PBXFileReference; lastKnownFileType = sourcecode.swift; path = Colors.swift; sourceTree = "<group>"; };
		0ECBD5352388B504009781E9 /* Habit_Tracker 2.xcdatamodel */ = {isa = PBXFileReference; lastKnownFileType = wrapper.xcdatamodel; path = "Habit_Tracker 2.xcdatamodel"; sourceTree = "<group>"; };
		0ECBD5392388D21C009781E9 /* Assets.xcassets */ = {isa = PBXFileReference; lastKnownFileType = folder.assetcatalog; path = Assets.xcassets; sourceTree = "<group>"; };
		0ED243DA244636B000186068 /* CloudKit.framework */ = {isa = PBXFileReference; lastKnownFileType = wrapper.framework; name = CloudKit.framework; path = System/Library/Frameworks/CloudKit.framework; sourceTree = SDKROOT; };
		0EFF26CB23832C1200487B00 /* ChartTab.storyboard */ = {isa = PBXFileReference; lastKnownFileType = file.storyboard; path = ChartTab.storyboard; sourceTree = "<group>"; };
		0EFF26CD23832C3100487B00 /* CalendarTab.storyboard */ = {isa = PBXFileReference; lastKnownFileType = file.storyboard; path = CalendarTab.storyboard; sourceTree = "<group>"; };
		0EFF26CF23832E2800487B00 /* HabitInformation.storyboard */ = {isa = PBXFileReference; lastKnownFileType = file.storyboard; path = HabitInformation.storyboard; sourceTree = "<group>"; };
		292568009B9FDBB328CFAC80 /* Pods_Habit_Tracker_Habit_TrackerUITests.framework */ = {isa = PBXFileReference; explicitFileType = wrapper.framework; includeInIndex = 0; path = Pods_Habit_Tracker_Habit_TrackerUITests.framework; sourceTree = BUILT_PRODUCTS_DIR; };
		46023786F1A508BB2A9530A7 /* Pods_Habit_Tracker.framework */ = {isa = PBXFileReference; explicitFileType = wrapper.framework; includeInIndex = 0; path = Pods_Habit_Tracker.framework; sourceTree = BUILT_PRODUCTS_DIR; };
		60D20465344E70B5B6329BFB /* Pods-Habit Tracker-Habit TrackerUITests.debug.xcconfig */ = {isa = PBXFileReference; includeInIndex = 1; lastKnownFileType = text.xcconfig; name = "Pods-Habit Tracker-Habit TrackerUITests.debug.xcconfig"; path = "Target Support Files/Pods-Habit Tracker-Habit TrackerUITests/Pods-Habit Tracker-Habit TrackerUITests.debug.xcconfig"; sourceTree = "<group>"; };
		93796A0CA76B0CF34758FBFE /* Pods-Habit TrackerTests.release.xcconfig */ = {isa = PBXFileReference; includeInIndex = 1; lastKnownFileType = text.xcconfig; name = "Pods-Habit TrackerTests.release.xcconfig"; path = "Target Support Files/Pods-Habit TrackerTests/Pods-Habit TrackerTests.release.xcconfig"; sourceTree = "<group>"; };
		B21A6A0C174C3B1377F2780F /* Pods_Habit_TrackerTests.framework */ = {isa = PBXFileReference; explicitFileType = wrapper.framework; includeInIndex = 0; path = Pods_Habit_TrackerTests.framework; sourceTree = BUILT_PRODUCTS_DIR; };
		BC861F9ADF4612419FE351CC /* Pods-Habit Tracker.debug.xcconfig */ = {isa = PBXFileReference; includeInIndex = 1; lastKnownFileType = text.xcconfig; name = "Pods-Habit Tracker.debug.xcconfig"; path = "Target Support Files/Pods-Habit Tracker/Pods-Habit Tracker.debug.xcconfig"; sourceTree = "<group>"; };
		D0A495B403A78AABA77169F5 /* Pods-Habit Tracker.release.xcconfig */ = {isa = PBXFileReference; includeInIndex = 1; lastKnownFileType = text.xcconfig; name = "Pods-Habit Tracker.release.xcconfig"; path = "Target Support Files/Pods-Habit Tracker/Pods-Habit Tracker.release.xcconfig"; sourceTree = "<group>"; };
		E93E57198AF6F6FDAEDCEE63 /* Pods-Habit TrackerTests.debug.xcconfig */ = {isa = PBXFileReference; includeInIndex = 1; lastKnownFileType = text.xcconfig; name = "Pods-Habit TrackerTests.debug.xcconfig"; path = "Target Support Files/Pods-Habit TrackerTests/Pods-Habit TrackerTests.debug.xcconfig"; sourceTree = "<group>"; };
		FB14DCC1237F66C000ED67E2 /* Habit Tracker.app */ = {isa = PBXFileReference; explicitFileType = wrapper.application; includeInIndex = 0; path = "Habit Tracker.app"; sourceTree = BUILT_PRODUCTS_DIR; };
		FB14DCC4237F66C000ED67E2 /* AppDelegate.swift */ = {isa = PBXFileReference; lastKnownFileType = sourcecode.swift; path = AppDelegate.swift; sourceTree = "<group>"; };
		FB14DCC6237F66C000ED67E2 /* SceneDelegate.swift */ = {isa = PBXFileReference; lastKnownFileType = sourcecode.swift; path = SceneDelegate.swift; sourceTree = "<group>"; };
		FB14DCCB237F66C100ED67E2 /* Base */ = {isa = PBXFileReference; lastKnownFileType = file.storyboard; name = Base; path = Base.lproj/Main.storyboard; sourceTree = "<group>"; };
		FB14DCD3237F66C600ED67E2 /* Base */ = {isa = PBXFileReference; lastKnownFileType = file.storyboard; name = Base; path = Base.lproj/LaunchScreen.storyboard; sourceTree = "<group>"; };
		FB14DCD5237F66C600ED67E2 /* Info.plist */ = {isa = PBXFileReference; lastKnownFileType = text.plist.xml; path = Info.plist; sourceTree = "<group>"; };
		FB14DCDA237F66C600ED67E2 /* Habit TrackerTests.xctest */ = {isa = PBXFileReference; explicitFileType = wrapper.cfbundle; includeInIndex = 0; path = "Habit TrackerTests.xctest"; sourceTree = BUILT_PRODUCTS_DIR; };
		FB14DCDE237F66C600ED67E2 /* Habit_TrackerTests.swift */ = {isa = PBXFileReference; lastKnownFileType = sourcecode.swift; path = Habit_TrackerTests.swift; sourceTree = "<group>"; };
		FB14DCE0237F66C600ED67E2 /* Info.plist */ = {isa = PBXFileReference; lastKnownFileType = text.plist.xml; path = Info.plist; sourceTree = "<group>"; };
		FB14DCE5237F66C700ED67E2 /* Habit TrackerUITests.xctest */ = {isa = PBXFileReference; explicitFileType = wrapper.cfbundle; includeInIndex = 0; path = "Habit TrackerUITests.xctest"; sourceTree = BUILT_PRODUCTS_DIR; };
		FB14DCE9237F66C700ED67E2 /* Habit_TrackerUITests.swift */ = {isa = PBXFileReference; lastKnownFileType = sourcecode.swift; path = Habit_TrackerUITests.swift; sourceTree = "<group>"; };
		FB14DCEB237F66C700ED67E2 /* Info.plist */ = {isa = PBXFileReference; lastKnownFileType = text.plist.xml; path = Info.plist; sourceTree = "<group>"; };
		FBEE1C082383321700F22C57 /* Constants.swift */ = {isa = PBXFileReference; fileEncoding = 4; lastKnownFileType = sourcecode.swift; path = Constants.swift; sourceTree = "<group>"; };
		FBEE1C0A2383322D00F22C57 /* CoreDataStack.swift */ = {isa = PBXFileReference; fileEncoding = 4; lastKnownFileType = sourcecode.swift; path = CoreDataStack.swift; sourceTree = "<group>"; };
		FBEE1C0C238332FB00F22C57 /* HabitController.swift */ = {isa = PBXFileReference; lastKnownFileType = sourcecode.swift; path = HabitController.swift; sourceTree = "<group>"; };
		FBEE1C5723835A0A00F22C57 /* HabitsTableViewController.swift */ = {isa = PBXFileReference; fileEncoding = 4; lastKnownFileType = sourcecode.swift; path = HabitsTableViewController.swift; sourceTree = "<group>"; };
		FBEE1C5B23835D3F00F22C57 /* HabitDetailViewController.swift */ = {isa = PBXFileReference; lastKnownFileType = sourcecode.swift; path = HabitDetailViewController.swift; sourceTree = "<group>"; };
		FBEE1C5D238360CD00F22C57 /* HabitHandlerProtocol.swift */ = {isa = PBXFileReference; lastKnownFileType = sourcecode.swift; path = HabitHandlerProtocol.swift; sourceTree = "<group>"; };
		FBEE1C5F2383782200F22C57 /* Date+Extension.swift */ = {isa = PBXFileReference; fileEncoding = 4; lastKnownFileType = sourcecode.swift; path = "Date+Extension.swift"; sourceTree = "<group>"; };
		FBEE1C61238378B000F22C57 /* Habit+Convenience.swift */ = {isa = PBXFileReference; lastKnownFileType = sourcecode.swift; path = "Habit+Convenience.swift"; sourceTree = "<group>"; };
		FBEE1C6323837ECE00F22C57 /* Day+Convenience.swift */ = {isa = PBXFileReference; lastKnownFileType = sourcecode.swift; path = "Day+Convenience.swift"; sourceTree = "<group>"; };
		FBEE1C672384A20500F22C57 /* DayTableViewCell.swift */ = {isa = PBXFileReference; lastKnownFileType = sourcecode.swift; path = DayTableViewCell.swift; sourceTree = "<group>"; };
		FBEE1C6C2384A28D00F22C57 /* DaysTableViewController.swift */ = {isa = PBXFileReference; lastKnownFileType = sourcecode.swift; path = DaysTableViewController.swift; sourceTree = "<group>"; };
		FBEE1C6F2384BB2F00F22C57 /* Habit_Tracker.xcdatamodel */ = {isa = PBXFileReference; lastKnownFileType = wrapper.xcdatamodel; path = Habit_Tracker.xcdatamodel; sourceTree = "<group>"; };
		FBEE1C732384CE9700F22C57 /* DateExtension.swift */ = {isa = PBXFileReference; fileEncoding = 4; lastKnownFileType = sourcecode.swift; path = DateExtension.swift; sourceTree = "<group>"; };
		FF94BE16C115F14426114B53 /* Pods-Habit Tracker-Habit TrackerUITests.release.xcconfig */ = {isa = PBXFileReference; includeInIndex = 1; lastKnownFileType = text.xcconfig; name = "Pods-Habit Tracker-Habit TrackerUITests.release.xcconfig"; path = "Target Support Files/Pods-Habit Tracker-Habit TrackerUITests/Pods-Habit Tracker-Habit TrackerUITests.release.xcconfig"; sourceTree = "<group>"; };
/* End PBXFileReference section */

/* Begin PBXFrameworksBuildPhase section */
		FB14DCBE237F66C000ED67E2 /* Frameworks */ = {
			isa = PBXFrameworksBuildPhase;
			buildActionMask = 2147483647;
			files = (
				0ED243DD244636C100186068 /* CloudKit.framework in Frameworks */,
				E9C88A357307A60A52E2803A /* Pods_Habit_Tracker.framework in Frameworks */,
			);
			runOnlyForDeploymentPostprocessing = 0;
		};
		FB14DCD7237F66C600ED67E2 /* Frameworks */ = {
			isa = PBXFrameworksBuildPhase;
			buildActionMask = 2147483647;
			files = (
				F04AFA728135BB2B165E8067 /* Pods_Habit_TrackerTests.framework in Frameworks */,
			);
			runOnlyForDeploymentPostprocessing = 0;
		};
		FB14DCE2237F66C700ED67E2 /* Frameworks */ = {
			isa = PBXFrameworksBuildPhase;
			buildActionMask = 2147483647;
			files = (
				AECAEFC9399FECFFE9897AD4 /* Pods_Habit_Tracker_Habit_TrackerUITests.framework in Frameworks */,
			);
			runOnlyForDeploymentPostprocessing = 0;
		};
/* End PBXFrameworksBuildPhase section */

/* Begin PBXGroup section */
		0E2472A52383442F00791524 /* Views */ = {
			isa = PBXGroup;
			children = (
				0E2472A02383442900791524 /* DateCell.swift */,
				0E2472AE238462A000791524 /* DateHeader.swift */,
				FBEE1C672384A20500F22C57 /* DayTableViewCell.swift */,
				0EA15502238A01F600B80639 /* HabitTableViewCell.swift */,
				0E11887824481B5800BDE565 /* NavigationMenuView.swift */,
			);
			path = Views;
			sourceTree = "<group>";
		};
		0ED243D8244636A700186068 /* Frameworks */ = {
			isa = PBXGroup;
			children = (
				0ED243DA244636B000186068 /* CloudKit.framework */,
				46023786F1A508BB2A9530A7 /* Pods_Habit_Tracker.framework */,
				292568009B9FDBB328CFAC80 /* Pods_Habit_Tracker_Habit_TrackerUITests.framework */,
				B21A6A0C174C3B1377F2780F /* Pods_Habit_TrackerTests.framework */,
			);
			name = Frameworks;
			sourceTree = "<group>";
		};
		BF2AE0466AA0E654862710A3 /* Pods */ = {
			isa = PBXGroup;
			children = (
				BC861F9ADF4612419FE351CC /* Pods-Habit Tracker.debug.xcconfig */,
				D0A495B403A78AABA77169F5 /* Pods-Habit Tracker.release.xcconfig */,
				60D20465344E70B5B6329BFB /* Pods-Habit Tracker-Habit TrackerUITests.debug.xcconfig */,
				FF94BE16C115F14426114B53 /* Pods-Habit Tracker-Habit TrackerUITests.release.xcconfig */,
				E93E57198AF6F6FDAEDCEE63 /* Pods-Habit TrackerTests.debug.xcconfig */,
				93796A0CA76B0CF34758FBFE /* Pods-Habit TrackerTests.release.xcconfig */,
			);
			path = Pods;
			sourceTree = "<group>";
		};
		FB14DCB8237F66C000ED67E2 = {
			isa = PBXGroup;
			children = (
				FB14DCC3237F66C000ED67E2 /* Habit Tracker */,
				FB14DCDD237F66C600ED67E2 /* Habit TrackerTests */,
				FB14DCE8237F66C700ED67E2 /* Habit TrackerUITests */,
				FB14DCC2237F66C000ED67E2 /* Products */,
				0ED243D8244636A700186068 /* Frameworks */,
				BF2AE0466AA0E654862710A3 /* Pods */,
			);
			sourceTree = "<group>";
		};
		FB14DCC2237F66C000ED67E2 /* Products */ = {
			isa = PBXGroup;
			children = (
				FB14DCC1237F66C000ED67E2 /* Habit Tracker.app */,
				FB14DCDA237F66C600ED67E2 /* Habit TrackerTests.xctest */,
				FB14DCE5237F66C700ED67E2 /* Habit TrackerUITests.xctest */,
			);
			name = Products;
			sourceTree = "<group>";
		};
		FB14DCC3237F66C000ED67E2 /* Habit Tracker */ = {
			isa = PBXGroup;
			children = (
				0E42CB6F238632BC00065187 /* Habit Tracker.entitlements */,
				FBEE1C072383320500F22C57 /* Helpers */,
				FB14DCFA237F6EF600ED67E2 /* Models */,
				FB14DCFB237F6F0F00ED67E2 /* Model Controllers */,
				FB14DCF7237F670700ED67E2 /* Resources */,
				FB14DCF8237F6B4A00ED67E2 /* View Controllers */,
				FB14DCF9237F6B8D00ED67E2 /* Storyboards */,
				0E2472A52383442F00791524 /* Views */,
			);
			path = "Habit Tracker";
			sourceTree = "<group>";
		};
		FB14DCDD237F66C600ED67E2 /* Habit TrackerTests */ = {
			isa = PBXGroup;
			children = (
				FB14DCDE237F66C600ED67E2 /* Habit_TrackerTests.swift */,
				FB14DCE0237F66C600ED67E2 /* Info.plist */,
			);
			path = "Habit TrackerTests";
			sourceTree = "<group>";
		};
		FB14DCE8237F66C700ED67E2 /* Habit TrackerUITests */ = {
			isa = PBXGroup;
			children = (
				FB14DCE9237F66C700ED67E2 /* Habit_TrackerUITests.swift */,
				FB14DCEB237F66C700ED67E2 /* Info.plist */,
			);
			path = "Habit TrackerUITests";
			sourceTree = "<group>";
		};
		FB14DCF7237F670700ED67E2 /* Resources */ = {
			isa = PBXGroup;
			children = (
				FB14DCC4237F66C000ED67E2 /* AppDelegate.swift */,
				0ECBD5392388D21C009781E9 /* Assets.xcassets */,
				FB14DCC6237F66C000ED67E2 /* SceneDelegate.swift */,
				FB14DCD5237F66C600ED67E2 /* Info.plist */,
			);
			path = Resources;
			sourceTree = "<group>";
		};
		FB14DCF8237F6B4A00ED67E2 /* View Controllers */ = {
			isa = PBXGroup;
			children = (
				FBEE1C5723835A0A00F22C57 /* HabitsTableViewController.swift */,
				FBEE1C5B23835D3F00F22C57 /* HabitDetailViewController.swift */,
				0E2472A6238344CF00791524 /* CalenderViewController.swift */,
				0E5C3CCA2384C31800CAE47C /* PieChartViewController.swift */,
				FBEE1C6C2384A28D00F22C57 /* DaysTableViewController.swift */,
				0E7DBF11238DF25F0028CDB2 /* DeveloperSettingsTableViewController.swift */,
			);
			path = "View Controllers";
			sourceTree = "<group>";
		};
		FB14DCF9237F6B8D00ED67E2 /* Storyboards */ = {
			isa = PBXGroup;
			children = (
				FB14DCCA237F66C100ED67E2 /* Main.storyboard */,
				0EFF26CB23832C1200487B00 /* ChartTab.storyboard */,
				0EFF26CD23832C3100487B00 /* CalendarTab.storyboard */,
				0EFF26CF23832E2800487B00 /* HabitInformation.storyboard */,
				FB14DCD2237F66C600ED67E2 /* LaunchScreen.storyboard */,
			);
			path = Storyboards;
			sourceTree = "<group>";
		};
		FB14DCFA237F6EF600ED67E2 /* Models */ = {
			isa = PBXGroup;
			children = (
				FBEE1C61238378B000F22C57 /* Habit+Convenience.swift */,
				FBEE1C6323837ECE00F22C57 /* Day+Convenience.swift */,
				FBEE1C6E2384BB2F00F22C57 /* Habit_Tracker.xcdatamodeld */,
			);
			path = Models;
			sourceTree = "<group>";
		};
		FB14DCFB237F6F0F00ED67E2 /* Model Controllers */ = {
			isa = PBXGroup;
			children = (
				0E2472B3238467A500791524 /* LocalNotificationManager.swift */,
				FBEE1C0A2383322D00F22C57 /* CoreDataStack.swift */,
				FBEE1C0C238332FB00F22C57 /* HabitController.swift */,
			);
			path = "Model Controllers";
			sourceTree = "<group>";
		};
		FBEE1C072383320500F22C57 /* Helpers */ = {
			isa = PBXGroup;
			children = (
				FBEE1C732384CE9700F22C57 /* DateExtension.swift */,
				FBEE1C5F2383782200F22C57 /* Date+Extension.swift */,
				FBEE1C082383321700F22C57 /* Constants.swift */,
				FBEE1C5D238360CD00F22C57 /* HabitHandlerProtocol.swift */,
				0EA15504238A104200B80639 /* Colors.swift */,
				0E7DBF0F238CD4F20028CDB2 /* UIImage+Gif.swift */,
			);
			path = Helpers;
			sourceTree = "<group>";
		};
/* End PBXGroup section */

/* Begin PBXNativeTarget section */
		FB14DCC0237F66C000ED67E2 /* Habit Tracker */ = {
			isa = PBXNativeTarget;
			buildConfigurationList = FB14DCEE237F66C700ED67E2 /* Build configuration list for PBXNativeTarget "Habit Tracker" */;
			buildPhases = (
				061D0D9A00CEB2F3963EA8AE /* [CP] Check Pods Manifest.lock */,
				FB14DCBD237F66C000ED67E2 /* Sources */,
				FB14DCBE237F66C000ED67E2 /* Frameworks */,
				FB14DCBF237F66C000ED67E2 /* Resources */,
				FBEE1C172383367A00F22C57 /* Embed Frameworks */,
				FBEE1C772385A62B00F22C57 /* ShellScript */,
				91A209811D9223C36E2E3F37 /* [CP] Embed Pods Frameworks */,
			);
			buildRules = (
			);
			dependencies = (
			);
			name = "Habit Tracker";
			productName = "Habit Tracker";
			productReference = FB14DCC1237F66C000ED67E2 /* Habit Tracker.app */;
			productType = "com.apple.product-type.application";
		};
		FB14DCD9237F66C600ED67E2 /* Habit TrackerTests */ = {
			isa = PBXNativeTarget;
			buildConfigurationList = FB14DCF1237F66C700ED67E2 /* Build configuration list for PBXNativeTarget "Habit TrackerTests" */;
			buildPhases = (
				841EA56163DB397BB8B39E46 /* [CP] Check Pods Manifest.lock */,
				FB14DCD6237F66C600ED67E2 /* Sources */,
				FB14DCD7237F66C600ED67E2 /* Frameworks */,
				FB14DCD8237F66C600ED67E2 /* Resources */,
			);
			buildRules = (
			);
			dependencies = (
				FB14DCDC237F66C600ED67E2 /* PBXTargetDependency */,
			);
			name = "Habit TrackerTests";
			productName = "Habit TrackerTests";
			productReference = FB14DCDA237F66C600ED67E2 /* Habit TrackerTests.xctest */;
			productType = "com.apple.product-type.bundle.unit-test";
		};
		FB14DCE4237F66C700ED67E2 /* Habit TrackerUITests */ = {
			isa = PBXNativeTarget;
			buildConfigurationList = FB14DCF4237F66C700ED67E2 /* Build configuration list for PBXNativeTarget "Habit TrackerUITests" */;
			buildPhases = (
				1547494FE36261BA57163F20 /* [CP] Check Pods Manifest.lock */,
				FB14DCE1237F66C700ED67E2 /* Sources */,
				FB14DCE2237F66C700ED67E2 /* Frameworks */,
				FB14DCE3237F66C700ED67E2 /* Resources */,
				92A04F2623D7618F5A2B801C /* [CP] Embed Pods Frameworks */,
			);
			buildRules = (
			);
			dependencies = (
				FB14DCE7237F66C700ED67E2 /* PBXTargetDependency */,
			);
			name = "Habit TrackerUITests";
			productName = "Habit TrackerUITests";
			productReference = FB14DCE5237F66C700ED67E2 /* Habit TrackerUITests.xctest */;
			productType = "com.apple.product-type.bundle.ui-testing";
		};
/* End PBXNativeTarget section */

/* Begin PBXProject section */
		FB14DCB9237F66C000ED67E2 /* Project object */ = {
			isa = PBXProject;
			attributes = {
				LastSwiftUpdateCheck = 1120;
				LastUpgradeCheck = 1120;
				ORGANIZATIONNAME = "Lambda School";
				TargetAttributes = {
					FB14DCC0237F66C000ED67E2 = {
						CreatedOnToolsVersion = 11.2.1;
					};
					FB14DCD9237F66C600ED67E2 = {
						CreatedOnToolsVersion = 11.2.1;
						TestTargetID = FB14DCC0237F66C000ED67E2;
					};
					FB14DCE4237F66C700ED67E2 = {
						CreatedOnToolsVersion = 11.2.1;
						TestTargetID = FB14DCC0237F66C000ED67E2;
					};
				};
			};
			buildConfigurationList = FB14DCBC237F66C000ED67E2 /* Build configuration list for PBXProject "Habit Tracker" */;
			compatibilityVersion = "Xcode 9.3";
			developmentRegion = en;
			hasScannedForEncodings = 0;
			knownRegions = (
				en,
				Base,
			);
			mainGroup = FB14DCB8237F66C000ED67E2;
			productRefGroup = FB14DCC2237F66C000ED67E2 /* Products */;
			projectDirPath = "";
			projectRoot = "";
			targets = (
				FB14DCC0237F66C000ED67E2 /* Habit Tracker */,
				FB14DCD9237F66C600ED67E2 /* Habit TrackerTests */,
				FB14DCE4237F66C700ED67E2 /* Habit TrackerUITests */,
			);
		};
/* End PBXProject section */

/* Begin PBXResourcesBuildPhase section */
		FB14DCBF237F66C000ED67E2 /* Resources */ = {
			isa = PBXResourcesBuildPhase;
			buildActionMask = 2147483647;
			files = (
				FB14DCD4237F66C600ED67E2 /* LaunchScreen.storyboard in Resources */,
				0EFF26D023832E2800487B00 /* HabitInformation.storyboard in Resources */,
				FB14DCCC237F66C100ED67E2 /* Main.storyboard in Resources */,
				0EFF26CC23832C1200487B00 /* ChartTab.storyboard in Resources */,
				0ECBD53A2388D21C009781E9 /* Assets.xcassets in Resources */,
				0EFF26CE23832C3100487B00 /* CalendarTab.storyboard in Resources */,
			);
			runOnlyForDeploymentPostprocessing = 0;
		};
		FB14DCD8237F66C600ED67E2 /* Resources */ = {
			isa = PBXResourcesBuildPhase;
			buildActionMask = 2147483647;
			files = (
			);
			runOnlyForDeploymentPostprocessing = 0;
		};
		FB14DCE3237F66C700ED67E2 /* Resources */ = {
			isa = PBXResourcesBuildPhase;
			buildActionMask = 2147483647;
			files = (
			);
			runOnlyForDeploymentPostprocessing = 0;
		};
/* End PBXResourcesBuildPhase section */

/* Begin PBXShellScriptBuildPhase section */
		061D0D9A00CEB2F3963EA8AE /* [CP] Check Pods Manifest.lock */ = {
			isa = PBXShellScriptBuildPhase;
			buildActionMask = 2147483647;
			files = (
			);
			inputFileListPaths = (
			);
			inputPaths = (
				"${PODS_PODFILE_DIR_PATH}/Podfile.lock",
				"${PODS_ROOT}/Manifest.lock",
			);
			name = "[CP] Check Pods Manifest.lock";
			outputFileListPaths = (
			);
			outputPaths = (
				"$(DERIVED_FILE_DIR)/Pods-Habit Tracker-checkManifestLockResult.txt",
			);
			runOnlyForDeploymentPostprocessing = 0;
			shellPath = /bin/sh;
			shellScript = "diff \"${PODS_PODFILE_DIR_PATH}/Podfile.lock\" \"${PODS_ROOT}/Manifest.lock\" > /dev/null\nif [ $? != 0 ] ; then\n    # print error to STDERR\n    echo \"error: The sandbox is not in sync with the Podfile.lock. Run 'pod install' or update your CocoaPods installation.\" >&2\n    exit 1\nfi\n# This output is used by Xcode 'outputs' to avoid re-running this script phase.\necho \"SUCCESS\" > \"${SCRIPT_OUTPUT_FILE_0}\"\n";
			showEnvVarsInLog = 0;
		};
		1547494FE36261BA57163F20 /* [CP] Check Pods Manifest.lock */ = {
			isa = PBXShellScriptBuildPhase;
			buildActionMask = 2147483647;
			files = (
			);
			inputFileListPaths = (
			);
			inputPaths = (
				"${PODS_PODFILE_DIR_PATH}/Podfile.lock",
				"${PODS_ROOT}/Manifest.lock",
			);
			name = "[CP] Check Pods Manifest.lock";
			outputFileListPaths = (
			);
			outputPaths = (
				"$(DERIVED_FILE_DIR)/Pods-Habit Tracker-Habit TrackerUITests-checkManifestLockResult.txt",
			);
			runOnlyForDeploymentPostprocessing = 0;
			shellPath = /bin/sh;
			shellScript = "diff \"${PODS_PODFILE_DIR_PATH}/Podfile.lock\" \"${PODS_ROOT}/Manifest.lock\" > /dev/null\nif [ $? != 0 ] ; then\n    # print error to STDERR\n    echo \"error: The sandbox is not in sync with the Podfile.lock. Run 'pod install' or update your CocoaPods installation.\" >&2\n    exit 1\nfi\n# This output is used by Xcode 'outputs' to avoid re-running this script phase.\necho \"SUCCESS\" > \"${SCRIPT_OUTPUT_FILE_0}\"\n";
			showEnvVarsInLog = 0;
		};
		841EA56163DB397BB8B39E46 /* [CP] Check Pods Manifest.lock */ = {
			isa = PBXShellScriptBuildPhase;
			buildActionMask = 2147483647;
			files = (
			);
			inputFileListPaths = (
			);
			inputPaths = (
				"${PODS_PODFILE_DIR_PATH}/Podfile.lock",
				"${PODS_ROOT}/Manifest.lock",
			);
			name = "[CP] Check Pods Manifest.lock";
			outputFileListPaths = (
			);
			outputPaths = (
				"$(DERIVED_FILE_DIR)/Pods-Habit TrackerTests-checkManifestLockResult.txt",
			);
			runOnlyForDeploymentPostprocessing = 0;
			shellPath = /bin/sh;
			shellScript = "diff \"${PODS_PODFILE_DIR_PATH}/Podfile.lock\" \"${PODS_ROOT}/Manifest.lock\" > /dev/null\nif [ $? != 0 ] ; then\n    # print error to STDERR\n    echo \"error: The sandbox is not in sync with the Podfile.lock. Run 'pod install' or update your CocoaPods installation.\" >&2\n    exit 1\nfi\n# This output is used by Xcode 'outputs' to avoid re-running this script phase.\necho \"SUCCESS\" > \"${SCRIPT_OUTPUT_FILE_0}\"\n";
			showEnvVarsInLog = 0;
		};
		91A209811D9223C36E2E3F37 /* [CP] Embed Pods Frameworks */ = {
			isa = PBXShellScriptBuildPhase;
			buildActionMask = 2147483647;
			files = (
			);
			inputFileListPaths = (
				"${PODS_ROOT}/Target Support Files/Pods-Habit Tracker/Pods-Habit Tracker-frameworks-${CONFIGURATION}-input-files.xcfilelist",
			);
			name = "[CP] Embed Pods Frameworks";
			outputFileListPaths = (
				"${PODS_ROOT}/Target Support Files/Pods-Habit Tracker/Pods-Habit Tracker-frameworks-${CONFIGURATION}-output-files.xcfilelist",
			);
			runOnlyForDeploymentPostprocessing = 0;
			shellPath = /bin/sh;
			shellScript = "\"${PODS_ROOT}/Target Support Files/Pods-Habit Tracker/Pods-Habit Tracker-frameworks.sh\"\n";
			showEnvVarsInLog = 0;
		};
		92A04F2623D7618F5A2B801C /* [CP] Embed Pods Frameworks */ = {
			isa = PBXShellScriptBuildPhase;
			buildActionMask = 2147483647;
			files = (
			);
			inputFileListPaths = (
				"${PODS_ROOT}/Target Support Files/Pods-Habit Tracker-Habit TrackerUITests/Pods-Habit Tracker-Habit TrackerUITests-frameworks-${CONFIGURATION}-input-files.xcfilelist",
			);
			name = "[CP] Embed Pods Frameworks";
			outputFileListPaths = (
				"${PODS_ROOT}/Target Support Files/Pods-Habit Tracker-Habit TrackerUITests/Pods-Habit Tracker-Habit TrackerUITests-frameworks-${CONFIGURATION}-output-files.xcfilelist",
			);
			runOnlyForDeploymentPostprocessing = 0;
			shellPath = /bin/sh;
			shellScript = "\"${PODS_ROOT}/Target Support Files/Pods-Habit Tracker-Habit TrackerUITests/Pods-Habit Tracker-Habit TrackerUITests-frameworks.sh\"\n";
			showEnvVarsInLog = 0;
		};
		FBEE1C772385A62B00F22C57 /* ShellScript */ = {
			isa = PBXShellScriptBuildPhase;
			buildActionMask = 2147483647;
			files = (
			);
			inputFileListPaths = (
			);
			inputPaths = (
			);
			outputFileListPaths = (
			);
			outputPaths = (
			);
			runOnlyForDeploymentPostprocessing = 0;
			shellPath = /bin/sh;
			shellScript = "if which swiftlint >/dev/null; then\n  swiftlint\nelse\n  echo \"warning: SwiftLint not installed, download from https://github.com/realm/SwiftLint\"\nfi\n";
		};
/* End PBXShellScriptBuildPhase section */

/* Begin PBXSourcesBuildPhase section */
		FB14DCBD237F66C000ED67E2 /* Sources */ = {
			isa = PBXSourcesBuildPhase;
			buildActionMask = 2147483647;
			files = (
				FBEE1C6D2384A28D00F22C57 /* DaysTableViewController.swift in Sources */,
				0E11887924481B5800BDE565 /* NavigationMenuView.swift in Sources */,
				0E2472B4238467A500791524 /* LocalNotificationManager.swift in Sources */,
				0E2472AF238462A000791524 /* DateHeader.swift in Sources */,
				FBEE1C5C23835D3F00F22C57 /* HabitDetailViewController.swift in Sources */,
				0EA15503238A01F600B80639 /* HabitTableViewCell.swift in Sources */,
				FBEE1C092383321700F22C57 /* Constants.swift in Sources */,
				0E7DBF10238CD4F20028CDB2 /* UIImage+Gif.swift in Sources */,
				FBEE1C0B2383322D00F22C57 /* CoreDataStack.swift in Sources */,
				0E2472A12383442900791524 /* DateCell.swift in Sources */,
				FB14DCC5237F66C000ED67E2 /* AppDelegate.swift in Sources */,
				FBEE1C5E238360CD00F22C57 /* HabitHandlerProtocol.swift in Sources */,
				FBEE1C602383782200F22C57 /* Date+Extension.swift in Sources */,
				0E7DBF12238DF25F0028CDB2 /* DeveloperSettingsTableViewController.swift in Sources */,
				0E5C3CCB2384C31800CAE47C /* PieChartViewController.swift in Sources */,
				FBEE1C6423837ECE00F22C57 /* Day+Convenience.swift in Sources */,
				0EA15505238A104200B80639 /* Colors.swift in Sources */,
				0E2472A7238344CF00791524 /* CalenderViewController.swift in Sources */,
				FB14DCC7237F66C000ED67E2 /* SceneDelegate.swift in Sources */,
				FBEE1C682384A20500F22C57 /* DayTableViewCell.swift in Sources */,
				FBEE1C742384CE9700F22C57 /* DateExtension.swift in Sources */,
				FBEE1C5923835A0A00F22C57 /* HabitsTableViewController.swift in Sources */,
				FBEE1C702384BB2F00F22C57 /* Habit_Tracker.xcdatamodeld in Sources */,
				FBEE1C62238378B000F22C57 /* Habit+Convenience.swift in Sources */,
				FBEE1C0D238332FB00F22C57 /* HabitController.swift in Sources */,
			);
			runOnlyForDeploymentPostprocessing = 0;
		};
		FB14DCD6237F66C600ED67E2 /* Sources */ = {
			isa = PBXSourcesBuildPhase;
			buildActionMask = 2147483647;
			files = (
				FB14DCDF237F66C600ED67E2 /* Habit_TrackerTests.swift in Sources */,
			);
			runOnlyForDeploymentPostprocessing = 0;
		};
		FB14DCE1237F66C700ED67E2 /* Sources */ = {
			isa = PBXSourcesBuildPhase;
			buildActionMask = 2147483647;
			files = (
				FB14DCEA237F66C700ED67E2 /* Habit_TrackerUITests.swift in Sources */,
			);
			runOnlyForDeploymentPostprocessing = 0;
		};
/* End PBXSourcesBuildPhase section */

/* Begin PBXTargetDependency section */
		FB14DCDC237F66C600ED67E2 /* PBXTargetDependency */ = {
			isa = PBXTargetDependency;
			target = FB14DCC0237F66C000ED67E2 /* Habit Tracker */;
			targetProxy = FB14DCDB237F66C600ED67E2 /* PBXContainerItemProxy */;
		};
		FB14DCE7237F66C700ED67E2 /* PBXTargetDependency */ = {
			isa = PBXTargetDependency;
			target = FB14DCC0237F66C000ED67E2 /* Habit Tracker */;
			targetProxy = FB14DCE6237F66C700ED67E2 /* PBXContainerItemProxy */;
		};
/* End PBXTargetDependency section */

/* Begin PBXVariantGroup section */
		FB14DCCA237F66C100ED67E2 /* Main.storyboard */ = {
			isa = PBXVariantGroup;
			children = (
				FB14DCCB237F66C100ED67E2 /* Base */,
			);
			name = Main.storyboard;
			sourceTree = "<group>";
		};
		FB14DCD2237F66C600ED67E2 /* LaunchScreen.storyboard */ = {
			isa = PBXVariantGroup;
			children = (
				FB14DCD3237F66C600ED67E2 /* Base */,
			);
			name = LaunchScreen.storyboard;
			sourceTree = "<group>";
		};
/* End PBXVariantGroup section */

/* Begin XCBuildConfiguration section */
		FB14DCEC237F66C700ED67E2 /* Debug */ = {
			isa = XCBuildConfiguration;
			buildSettings = {
				ALWAYS_SEARCH_USER_PATHS = NO;
				CLANG_ANALYZER_NONNULL = YES;
				CLANG_ANALYZER_NUMBER_OBJECT_CONVERSION = YES_AGGRESSIVE;
				CLANG_CXX_LANGUAGE_STANDARD = "gnu++14";
				CLANG_CXX_LIBRARY = "libc++";
				CLANG_ENABLE_MODULES = YES;
				CLANG_ENABLE_OBJC_ARC = YES;
				CLANG_ENABLE_OBJC_WEAK = YES;
				CLANG_WARN_BLOCK_CAPTURE_AUTORELEASING = YES;
				CLANG_WARN_BOOL_CONVERSION = YES;
				CLANG_WARN_COMMA = YES;
				CLANG_WARN_CONSTANT_CONVERSION = YES;
				CLANG_WARN_DEPRECATED_OBJC_IMPLEMENTATIONS = YES;
				CLANG_WARN_DIRECT_OBJC_ISA_USAGE = YES_ERROR;
				CLANG_WARN_DOCUMENTATION_COMMENTS = YES;
				CLANG_WARN_EMPTY_BODY = YES;
				CLANG_WARN_ENUM_CONVERSION = YES;
				CLANG_WARN_INFINITE_RECURSION = YES;
				CLANG_WARN_INT_CONVERSION = YES;
				CLANG_WARN_NON_LITERAL_NULL_CONVERSION = YES;
				CLANG_WARN_OBJC_IMPLICIT_RETAIN_SELF = YES;
				CLANG_WARN_OBJC_LITERAL_CONVERSION = YES;
				CLANG_WARN_OBJC_ROOT_CLASS = YES_ERROR;
				CLANG_WARN_RANGE_LOOP_ANALYSIS = YES;
				CLANG_WARN_STRICT_PROTOTYPES = YES;
				CLANG_WARN_SUSPICIOUS_MOVE = YES;
				CLANG_WARN_UNGUARDED_AVAILABILITY = YES_AGGRESSIVE;
				CLANG_WARN_UNREACHABLE_CODE = YES;
				CLANG_WARN__DUPLICATE_METHOD_MATCH = YES;
				COPY_PHASE_STRIP = NO;
				DEBUG_INFORMATION_FORMAT = dwarf;
				ENABLE_STRICT_OBJC_MSGSEND = YES;
				ENABLE_TESTABILITY = YES;
				GCC_C_LANGUAGE_STANDARD = gnu11;
				GCC_DYNAMIC_NO_PIC = NO;
				GCC_NO_COMMON_BLOCKS = YES;
				GCC_OPTIMIZATION_LEVEL = 0;
				GCC_PREPROCESSOR_DEFINITIONS = (
					"DEBUG=1",
					"$(inherited)",
				);
				GCC_WARN_64_TO_32_BIT_CONVERSION = YES;
				GCC_WARN_ABOUT_RETURN_TYPE = YES_ERROR;
				GCC_WARN_UNDECLARED_SELECTOR = YES;
				GCC_WARN_UNINITIALIZED_AUTOS = YES_AGGRESSIVE;
				GCC_WARN_UNUSED_FUNCTION = YES;
				GCC_WARN_UNUSED_VARIABLE = YES;
				IPHONEOS_DEPLOYMENT_TARGET = 13.2;
				MTL_ENABLE_DEBUG_INFO = INCLUDE_SOURCE;
				MTL_FAST_MATH = YES;
				ONLY_ACTIVE_ARCH = YES;
				SDKROOT = iphoneos;
				SWIFT_ACTIVE_COMPILATION_CONDITIONS = DEBUG;
				SWIFT_OPTIMIZATION_LEVEL = "-Onone";
			};
			name = Debug;
		};
		FB14DCED237F66C700ED67E2 /* Release */ = {
			isa = XCBuildConfiguration;
			buildSettings = {
				ALWAYS_SEARCH_USER_PATHS = NO;
				CLANG_ANALYZER_NONNULL = YES;
				CLANG_ANALYZER_NUMBER_OBJECT_CONVERSION = YES_AGGRESSIVE;
				CLANG_CXX_LANGUAGE_STANDARD = "gnu++14";
				CLANG_CXX_LIBRARY = "libc++";
				CLANG_ENABLE_MODULES = YES;
				CLANG_ENABLE_OBJC_ARC = YES;
				CLANG_ENABLE_OBJC_WEAK = YES;
				CLANG_WARN_BLOCK_CAPTURE_AUTORELEASING = YES;
				CLANG_WARN_BOOL_CONVERSION = YES;
				CLANG_WARN_COMMA = YES;
				CLANG_WARN_CONSTANT_CONVERSION = YES;
				CLANG_WARN_DEPRECATED_OBJC_IMPLEMENTATIONS = YES;
				CLANG_WARN_DIRECT_OBJC_ISA_USAGE = YES_ERROR;
				CLANG_WARN_DOCUMENTATION_COMMENTS = YES;
				CLANG_WARN_EMPTY_BODY = YES;
				CLANG_WARN_ENUM_CONVERSION = YES;
				CLANG_WARN_INFINITE_RECURSION = YES;
				CLANG_WARN_INT_CONVERSION = YES;
				CLANG_WARN_NON_LITERAL_NULL_CONVERSION = YES;
				CLANG_WARN_OBJC_IMPLICIT_RETAIN_SELF = YES;
				CLANG_WARN_OBJC_LITERAL_CONVERSION = YES;
				CLANG_WARN_OBJC_ROOT_CLASS = YES_ERROR;
				CLANG_WARN_RANGE_LOOP_ANALYSIS = YES;
				CLANG_WARN_STRICT_PROTOTYPES = YES;
				CLANG_WARN_SUSPICIOUS_MOVE = YES;
				CLANG_WARN_UNGUARDED_AVAILABILITY = YES_AGGRESSIVE;
				CLANG_WARN_UNREACHABLE_CODE = YES;
				CLANG_WARN__DUPLICATE_METHOD_MATCH = YES;
				COPY_PHASE_STRIP = NO;
				DEBUG_INFORMATION_FORMAT = "dwarf-with-dsym";
				ENABLE_NS_ASSERTIONS = NO;
				ENABLE_STRICT_OBJC_MSGSEND = YES;
				GCC_C_LANGUAGE_STANDARD = gnu11;
				GCC_NO_COMMON_BLOCKS = YES;
				GCC_WARN_64_TO_32_BIT_CONVERSION = YES;
				GCC_WARN_ABOUT_RETURN_TYPE = YES_ERROR;
				GCC_WARN_UNDECLARED_SELECTOR = YES;
				GCC_WARN_UNINITIALIZED_AUTOS = YES_AGGRESSIVE;
				GCC_WARN_UNUSED_FUNCTION = YES;
				GCC_WARN_UNUSED_VARIABLE = YES;
				IPHONEOS_DEPLOYMENT_TARGET = 13.2;
				MTL_ENABLE_DEBUG_INFO = NO;
				MTL_FAST_MATH = YES;
				SDKROOT = iphoneos;
				SWIFT_COMPILATION_MODE = wholemodule;
				SWIFT_OPTIMIZATION_LEVEL = "-O";
				VALIDATE_PRODUCT = YES;
			};
			name = Release;
		};
		FB14DCEF237F66C700ED67E2 /* Debug */ = {
			isa = XCBuildConfiguration;
			baseConfigurationReference = BC861F9ADF4612419FE351CC /* Pods-Habit Tracker.debug.xcconfig */;
			buildSettings = {
				ASSETCATALOG_COMPILER_APPICON_NAME = AppIcon;
				CODE_SIGN_ENTITLEMENTS = "Habit Tracker/Habit Tracker.entitlements";
				CODE_SIGN_STYLE = Automatic;
				CURRENT_PROJECT_VERSION = 2;
				DEVELOPMENT_TEAM = HFR8F4BT7E;
				INFOPLIST_FILE = "Habit Tracker/Resources/Info.plist";
				IPHONEOS_DEPLOYMENT_TARGET = 13.0;
				LD_RUNPATH_SEARCH_PATHS = (
					"$(inherited)",
					"@executable_path/Frameworks",
				);
				PRODUCT_BUNDLE_IDENTIFIER = "com.mazjap.Habit-Tracker";
				PRODUCT_NAME = "$(TARGET_NAME)";
				PROVISIONING_PROFILE_SPECIFIER = "";
				SWIFT_VERSION = 5.0;
				TARGETED_DEVICE_FAMILY = 1;
			};
			name = Debug;
		};
		FB14DCF0237F66C700ED67E2 /* Release */ = {
			isa = XCBuildConfiguration;
			baseConfigurationReference = D0A495B403A78AABA77169F5 /* Pods-Habit Tracker.release.xcconfig */;
			buildSettings = {
				ASSETCATALOG_COMPILER_APPICON_NAME = AppIcon;
				CODE_SIGN_ENTITLEMENTS = "Habit Tracker/Habit Tracker.entitlements";
				CODE_SIGN_STYLE = Automatic;
				CURRENT_PROJECT_VERSION = 2;
				DEVELOPMENT_TEAM = HFR8F4BT7E;
				INFOPLIST_FILE = "Habit Tracker/Resources/Info.plist";
				IPHONEOS_DEPLOYMENT_TARGET = 13.0;
				LD_RUNPATH_SEARCH_PATHS = (
					"$(inherited)",
					"@executable_path/Frameworks",
				);
				PRODUCT_BUNDLE_IDENTIFIER = "com.mazjap.Habit-Tracker";
				PRODUCT_NAME = "$(TARGET_NAME)";
				PROVISIONING_PROFILE_SPECIFIER = "";
				SWIFT_VERSION = 5.0;
				TARGETED_DEVICE_FAMILY = 1;
			};
			name = Release;
		};
		FB14DCF2237F66C700ED67E2 /* Debug */ = {
			isa = XCBuildConfiguration;
			baseConfigurationReference = E93E57198AF6F6FDAEDCEE63 /* Pods-Habit TrackerTests.debug.xcconfig */;
			buildSettings = {
				ALWAYS_EMBED_SWIFT_STANDARD_LIBRARIES = YES;
				BUNDLE_LOADER = "$(TEST_HOST)";
				CODE_SIGN_STYLE = Automatic;
				DEVELOPMENT_TEAM = VXUQXR6S56;
				INFOPLIST_FILE = "Habit TrackerTests/Info.plist";
				IPHONEOS_DEPLOYMENT_TARGET = 13.2;
				LD_RUNPATH_SEARCH_PATHS = (
					"$(inherited)",
					"@executable_path/Frameworks",
					"@loader_path/Frameworks",
				);
				PRODUCT_BUNDLE_IDENTIFIER = "com.lambda.Habit-TrackerTests";
				PRODUCT_NAME = "$(TARGET_NAME)";
				SWIFT_VERSION = 5.0;
				TARGETED_DEVICE_FAMILY = "1,2";
				TEST_HOST = "$(BUILT_PRODUCTS_DIR)/Habit Tracker.app/Habit Tracker";
			};
			name = Debug;
		};
		FB14DCF3237F66C700ED67E2 /* Release */ = {
			isa = XCBuildConfiguration;
			baseConfigurationReference = 93796A0CA76B0CF34758FBFE /* Pods-Habit TrackerTests.release.xcconfig */;
			buildSettings = {
				ALWAYS_EMBED_SWIFT_STANDARD_LIBRARIES = YES;
				BUNDLE_LOADER = "$(TEST_HOST)";
				CODE_SIGN_STYLE = Automatic;
				DEVELOPMENT_TEAM = VXUQXR6S56;
				INFOPLIST_FILE = "Habit TrackerTests/Info.plist";
				IPHONEOS_DEPLOYMENT_TARGET = 13.2;
				LD_RUNPATH_SEARCH_PATHS = (
					"$(inherited)",
					"@executable_path/Frameworks",
					"@loader_path/Frameworks",
				);
				PRODUCT_BUNDLE_IDENTIFIER = "com.lambda.Habit-TrackerTests";
				PRODUCT_NAME = "$(TARGET_NAME)";
				SWIFT_VERSION = 5.0;
				TARGETED_DEVICE_FAMILY = "1,2";
				TEST_HOST = "$(BUILT_PRODUCTS_DIR)/Habit Tracker.app/Habit Tracker";
			};
			name = Release;
		};
		FB14DCF5237F66C700ED67E2 /* Debug */ = {
			isa = XCBuildConfiguration;
			baseConfigurationReference = 60D20465344E70B5B6329BFB /* Pods-Habit Tracker-Habit TrackerUITests.debug.xcconfig */;
			buildSettings = {
				ALWAYS_EMBED_SWIFT_STANDARD_LIBRARIES = YES;
				CODE_SIGN_STYLE = Automatic;
				DEVELOPMENT_TEAM = VXUQXR6S56;
				INFOPLIST_FILE = "Habit TrackerUITests/Info.plist";
				LD_RUNPATH_SEARCH_PATHS = (
					"$(inherited)",
					"@executable_path/Frameworks",
					"@loader_path/Frameworks",
				);
				PRODUCT_BUNDLE_IDENTIFIER = "com.lambda.Habit-TrackerUITests";
				PRODUCT_NAME = "$(TARGET_NAME)";
				SWIFT_VERSION = 5.0;
				TARGETED_DEVICE_FAMILY = "1,2";
				TEST_TARGET_NAME = "Habit Tracker";
			};
			name = Debug;
		};
		FB14DCF6237F66C700ED67E2 /* Release */ = {
			isa = XCBuildConfiguration;
			baseConfigurationReference = FF94BE16C115F14426114B53 /* Pods-Habit Tracker-Habit TrackerUITests.release.xcconfig */;
			buildSettings = {
				ALWAYS_EMBED_SWIFT_STANDARD_LIBRARIES = YES;
				CODE_SIGN_STYLE = Automatic;
				DEVELOPMENT_TEAM = VXUQXR6S56;
				INFOPLIST_FILE = "Habit TrackerUITests/Info.plist";
				LD_RUNPATH_SEARCH_PATHS = (
					"$(inherited)",
					"@executable_path/Frameworks",
					"@loader_path/Frameworks",
				);
				PRODUCT_BUNDLE_IDENTIFIER = "com.lambda.Habit-TrackerUITests";
				PRODUCT_NAME = "$(TARGET_NAME)";
				SWIFT_VERSION = 5.0;
				TARGETED_DEVICE_FAMILY = "1,2";
				TEST_TARGET_NAME = "Habit Tracker";
			};
			name = Release;
		};
/* End XCBuildConfiguration section */

/* Begin XCConfigurationList section */
		FB14DCBC237F66C000ED67E2 /* Build configuration list for PBXProject "Habit Tracker" */ = {
			isa = XCConfigurationList;
			buildConfigurations = (
				FB14DCEC237F66C700ED67E2 /* Debug */,
				FB14DCED237F66C700ED67E2 /* Release */,
			);
			defaultConfigurationIsVisible = 0;
			defaultConfigurationName = Release;
		};
		FB14DCEE237F66C700ED67E2 /* Build configuration list for PBXNativeTarget "Habit Tracker" */ = {
			isa = XCConfigurationList;
			buildConfigurations = (
				FB14DCEF237F66C700ED67E2 /* Debug */,
				FB14DCF0237F66C700ED67E2 /* Release */,
			);
			defaultConfigurationIsVisible = 0;
			defaultConfigurationName = Release;
		};
		FB14DCF1237F66C700ED67E2 /* Build configuration list for PBXNativeTarget "Habit TrackerTests" */ = {
			isa = XCConfigurationList;
			buildConfigurations = (
				FB14DCF2237F66C700ED67E2 /* Debug */,
				FB14DCF3237F66C700ED67E2 /* Release */,
			);
			defaultConfigurationIsVisible = 0;
			defaultConfigurationName = Release;
		};
		FB14DCF4237F66C700ED67E2 /* Build configuration list for PBXNativeTarget "Habit TrackerUITests" */ = {
			isa = XCConfigurationList;
			buildConfigurations = (
				FB14DCF5237F66C700ED67E2 /* Debug */,
				FB14DCF6237F66C700ED67E2 /* Release */,
			);
			defaultConfigurationIsVisible = 0;
			defaultConfigurationName = Release;
		};
/* End XCConfigurationList section */

/* Begin XCVersionGroup section */
		FBEE1C6E2384BB2F00F22C57 /* Habit_Tracker.xcdatamodeld */ = {
			isa = XCVersionGroup;
			children = (
				0ECBD5352388B504009781E9 /* Habit_Tracker 2.xcdatamodel */,
				FBEE1C6F2384BB2F00F22C57 /* Habit_Tracker.xcdatamodel */,
			);
			currentVersion = 0ECBD5352388B504009781E9 /* Habit_Tracker 2.xcdatamodel */;
			path = Habit_Tracker.xcdatamodeld;
			sourceTree = "<group>";
			versionGroupType = wrapper.xcdatamodel;
		};
/* End XCVersionGroup section */
	};
	rootObject = FB14DCB9237F66C000ED67E2 /* Project object */;
}
